{
  "name": "@openclaw-lab/video-asset-plugin",
  "version": "0.3.0",
  "lockfileVersion": 3,
  "requires": true,
  "packages": {
    "": {
      "name": "@openclaw-lab/video-asset-plugin",
      "version": "0.3.0",
      "license": "MIT",
      "engines": {
        "node": ">=22"
      }
    }
  }
}
